
Microsoft Visual Studio Solution File, Format Version 12.00
# Visual Studio Version 16
VisualStudioVersion = 16.0.30204.135
MinimumVisualStudioVersion = 10.0.40219.1
Project("{FAE04EC0-301F-11D3-BF4B-00C04F79EFBC}") = "JSONParsApp", "JSONParsApp\JSONParsApp.csproj", "{9B320D52-CBF2-4D33-9C2E-DE27E4881F93}"
EndProject
Global
	GlobalSection(SolutionConfigurationPlatforms) = preSolution
		Debug|Any CPU = Debug|Any CPU
		Release|Any CPU = Release|Any CPU
	EndGlobalSection
	GlobalSection(ProjectConfigurationPlatforms) = postSolution
		{9B320D52-CBF2-4D33-9C2E-DE27E4881F93}.Debug|Any CPU.ActiveCfg = Debug|Any CPU
		{9B320D52-CBF2-4D33-9C2E-DE27E4881F93}.Debug|Any CPU.Build.0 = Debug|Any CPU
		{9B320D52-CBF2-4D33-9C2E-DE27E4881F93}.Release|Any CPU.ActiveCfg = Release|Any CPU
		{9B320D52-CBF2-4D33-9C2E-DE27E4881F93}.Release|Any CPU.Build.0 = Release|Any CPU
	EndGlobalSection
	GlobalSection(SolutionProperties) = preSolution
		HideSolutionNode = FALSE
	EndGlobalSection
	GlobalSection(ExtensibilityGlobals) = postSolution
		SolutionGuid = {1125F02C-9680-484C-810D-DA0CEA5E6AAD}
	EndGlobalSection
EndGlobal
